
Microsoft Visual Studio Solution File, Format Version 12.00
# Visual Studio Version 17
VisualStudioVersion = 17.5.33530.505
MinimumVisualStudioVersion = 10.0.40219.1
Project("{FAE04EC0-301F-11D3-BF4B-00C04F79EFBC}") = "ImageEditorLib", "ImageEditorLib\ImageEditorLib.csproj", "{2F105223-C5E0-4448-82CF-912E9053D7E2}"
EndProject
Project("{FAE04EC0-301F-11D3-BF4B-00C04F79EFBC}") = "ImageEditorForm", "ImageEditorForm\ImageEditorForm.csproj", "{CD61227E-CE8F-4973-BA4B-7D0568F485B3}"
EndProject
Global
	GlobalSection(SolutionConfigurationPlatforms) = preSolution
		Debug|Any CPU = Debug|Any CPU
		Release|Any CPU = Release|Any CPU
	EndGlobalSection
	GlobalSection(ProjectConfigurationPlatforms) = postSolution
		{2F105223-C5E0-4448-82CF-912E9053D7E2}.Debug|Any CPU.ActiveCfg = Debug|Any CPU
		{2F105223-C5E0-4448-82CF-912E9053D7E2}.Debug|Any CPU.Build.0 = Debug|Any CPU
		{2F105223-C5E0-4448-82CF-912E9053D7E2}.Release|Any CPU.ActiveCfg = Release|Any CPU
		{2F105223-C5E0-4448-82CF-912E9053D7E2}.Release|Any CPU.Build.0 = Release|Any CPU
		{CD61227E-CE8F-4973-BA4B-7D0568F485B3}.Debug|Any CPU.ActiveCfg = Debug|Any CPU
		{CD61227E-CE8F-4973-BA4B-7D0568F485B3}.Debug|Any CPU.Build.0 = Debug|Any CPU
		{CD61227E-CE8F-4973-BA4B-7D0568F485B3}.Release|Any CPU.ActiveCfg = Release|Any CPU
		{CD61227E-CE8F-4973-BA4B-7D0568F485B3}.Release|Any CPU.Build.0 = Release|Any CPU
	EndGlobalSection
	GlobalSection(SolutionProperties) = preSolution
		HideSolutionNode = FALSE
	EndGlobalSection
	GlobalSection(ExtensibilityGlobals) = postSolution
		SolutionGuid = {72A0E9D4-D818-49CD-867A-AD652F9BCB27}
	EndGlobalSection
EndGlobal
